
Microsoft Visual Studio Solution File, Format Version 12.00
# Visual Studio Version 17
VisualStudioVersion = 17.11.35327.3
MinimumVisualStudioVersion = 10.0.40219.1
Project("{FAE04EC0-301F-11D3-BF4B-00C04F79EFBC}") = "Phukienthucung", "Phukienthucung\Phukienthucung.csproj", "{CAFBDCD3-0BC2-474A-BB13-0A816D9B8E22}"
EndProject
Global
	GlobalSection(SolutionConfigurationPlatforms) = preSolution
		Debug|Any CPU = Debug|Any CPU
		Release|Any CPU = Release|Any CPU
	EndGlobalSection
	GlobalSection(ProjectConfigurationPlatforms) = postSolution
		{CAFBDCD3-0BC2-474A-BB13-0A816D9B8E22}.Debug|Any CPU.ActiveCfg = Debug|Any CPU
		{CAFBDCD3-0BC2-474A-BB13-0A816D9B8E22}.Debug|Any CPU.Build.0 = Debug|Any CPU
		{CAFBDCD3-0BC2-474A-BB13-0A816D9B8E22}.Release|Any CPU.ActiveCfg = Release|Any CPU
		{CAFBDCD3-0BC2-474A-BB13-0A816D9B8E22}.Release|Any CPU.Build.0 = Release|Any CPU
	EndGlobalSection
	GlobalSection(SolutionProperties) = preSolution
		HideSolutionNode = FALSE
	EndGlobalSection
	GlobalSection(ExtensibilityGlobals) = postSolution
		SolutionGuid = {21BE44A0-F51D-4598-B88D-29A4885CA404}
	EndGlobalSection
EndGlobal
